// !$*UTF8*$!
{
	archiveVersion = 1;
	classes = {
	};
	objectVersion = 46;
	objects = {

/* Begin PBXBuildFile section */
		01DCC39D1EE888F2006FDE5F /* AppDelegate.swift in Sources */ = {isa = PBXBuildFile; fileRef = 01DCC39C1EE888F2006FDE5F /* AppDelegate.swift */; };
		01DCC3A21EE888F2006FDE5F /* Main.storyboard in Resources */ = {isa = PBXBuildFile; fileRef = 01DCC3A01EE888F2006FDE5F /* Main.storyboard */; };
		01DCC3A41EE888F2006FDE5F /* Assets.xcassets in Resources */ = {isa = PBXBuildFile; fileRef = 01DCC3A31EE888F2006FDE5F /* Assets.xcassets */; };
		01DCC3A71EE888F2006FDE5F /* LaunchScreen.storyboard in Resources */ = {isa = PBXBuildFile; fileRef = 01DCC3A51EE888F2006FDE5F /* LaunchScreen.storyboard */; };
		01DCC3B21EE888F2006FDE5F /* TaskAppTests.swift in Sources */ = {isa = PBXBuildFile; fileRef = 01DCC3B11EE888F2006FDE5F /* TaskAppTests.swift */; };
		01DCC3BD1EE888F2006FDE5F /* TaskAppUITests.swift in Sources */ = {isa = PBXBuildFile; fileRef = 01DCC3BC1EE888F2006FDE5F /* TaskAppUITests.swift */; };
		01DCC3CB1EE88D08006FDE5F /* TaskListTableViewController.swift in Sources */ = {isa = PBXBuildFile; fileRef = 01DCC3CA1EE88D08006FDE5F /* TaskListTableViewController.swift */; };
		01DCC3CD1EE88EB6006FDE5F /* TaskDetailTableViewController.swift in Sources */ = {isa = PBXBuildFile; fileRef = 01DCC3CC1EE88EB6006FDE5F /* TaskDetailTableViewController.swift */; };
		01DCC3D01EE88F2F006FDE5F /* CoreDataStack.swift in Sources */ = {isa = PBXBuildFile; fileRef = 01DCC3CF1EE88F2F006FDE5F /* CoreDataStack.swift */; };
		01DCC3D31EE89008006FDE5F /* TaskApp.xcdatamodeld in Sources */ = {isa = PBXBuildFile; fileRef = 01DCC3D11EE89008006FDE5F /* TaskApp.xcdatamodeld */; };
		01DCC3D51EE8914F006FDE5F /* Task+Convenience.swift in Sources */ = {isa = PBXBuildFile; fileRef = 01DCC3D41EE8914F006FDE5F /* Task+Convenience.swift */; };
		01DCC3D81EE89359006FDE5F /* TaskController.swift in Sources */ = {isa = PBXBuildFile; fileRef = 01DCC3D71EE89359006FDE5F /* TaskController.swift */; };
		01DCC3DB1EE8A5D3006FDE5F /* DateHelpers.swift in Sources */ = {isa = PBXBuildFile; fileRef = 01DCC3DA1EE8A5D3006FDE5F /* DateHelpers.swift */; };
		01DCC3DE1EE8AE86006FDE5F /* ButtonTableViewCell.swift in Sources */ = {isa = PBXBuildFile; fileRef = 01DCC3DD1EE8AE86006FDE5F /* ButtonTableViewCell.swift */; };
/* End PBXBuildFile section */

/* Begin PBXContainerItemProxy section */
		01DCC3AE1EE888F2006FDE5F /* PBXContainerItemProxy */ = {
			isa = PBXContainerItemProxy;
			containerPortal = 01DCC3911EE888F2006FDE5F /* Project object */;
			proxyType = 1;
			remoteGlobalIDString = 01DCC3981EE888F2006FDE5F;
			remoteInfo = TaskApp;
		};
		01DCC3B91EE888F2006FDE5F /* PBXContainerItemProxy */ = {
			isa = PBXContainerItemProxy;
			containerPortal = 01DCC3911EE888F2006FDE5F /* Project object */;
			proxyType = 1;
			remoteGlobalIDString = 01DCC3981EE888F2006FDE5F;
			remoteInfo = TaskApp;
		};
/* End PBXContainerItemProxy section */

/* Begin PBXFileReference section */
		01DCC3991EE888F2006FDE5F /* TaskApp.app */ = {isa = PBXFileReference; explicitFileType = wrapper.application; includeInIndex = 0; path = TaskApp.app; sourceTree = BUILT_PRODUCTS_DIR; };
		01DCC39C1EE888F2006FDE5F /* AppDelegate.swift */ = {isa = PBXFileReference; lastKnownFileType = sourcecode.swift; name = AppDelegate.swift; path = TaskApp/AppDelegate.swift; sourceTree = "<group>"; };
		01DCC3A11EE888F2006FDE5F /* Base */ = {isa = PBXFileReference; lastKnownFileType = file.storyboard; name = Base; path = Base.lproj/Main.storyboard; sourceTree = "<group>"; };
		01DCC3A31EE888F2006FDE5F /* Assets.xcassets */ = {isa = PBXFileReference; lastKnownFileType = folder.assetcatalog; name = Assets.xcassets; path = TaskApp/Assets.xcassets; sourceTree = "<group>"; };
		01DCC3A61EE888F2006FDE5F /* Base */ = {isa = PBXFileReference; lastKnownFileType = file.storyboard; name = Base; path = Base.lproj/LaunchScreen.storyboard; sourceTree = "<group>"; };
		01DCC3A81EE888F2006FDE5F /* Info.plist */ = {isa = PBXFileReference; lastKnownFileType = text.plist.xml; name = Info.plist; path = TaskApp/Info.plist; sourceTree = "<group>"; };
		01DCC3AD1EE888F2006FDE5F /* TaskAppTests.xctest */ = {isa = PBXFileReference; explicitFileType = wrapper.cfbundle; includeInIndex = 0; path = TaskAppTests.xctest; sourceTree = BUILT_PRODUCTS_DIR; };
		01DCC3B11EE888F2006FDE5F /* TaskAppTests.swift */ = {isa = PBXFileReference; lastKnownFileType = sourcecode.swift; path = TaskAppTests.swift; sourceTree = "<group>"; };
		01DCC3B31EE888F2006FDE5F /* Info.plist */ = {isa = PBXFileReference; lastKnownFileType = text.plist.xml; path = Info.plist; sourceTree = "<group>"; };
		01DCC3B81EE888F2006FDE5F /* TaskAppUITests.xctest */ = {isa = PBXFileReference; explicitFileType = wrapper.cfbundle; includeInIndex = 0; path = TaskAppUITests.xctest; sourceTree = BUILT_PRODUCTS_DIR; };
		01DCC3BC1EE888F2006FDE5F /* TaskAppUITests.swift */ = {isa = PBXFileReference; lastKnownFileType = sourcecode.swift; path = TaskAppUITests.swift; sourceTree = "<group>"; };
		01DCC3BE1EE888F2006FDE5F /* Info.plist */ = {isa = PBXFileReference; lastKnownFileType = text.plist.xml; path = Info.plist; sourceTree = "<group>"; };
		01DCC3CA1EE88D08006FDE5F /* TaskListTableViewController.swift */ = {isa = PBXFileReference; fileEncoding = 4; lastKnownFileType = sourcecode.swift; path = TaskListTableViewController.swift; sourceTree = "<group>"; };
		01DCC3CC1EE88EB6006FDE5F /* TaskDetailTableViewController.swift */ = {isa = PBXFileReference; fileEncoding = 4; lastKnownFileType = sourcecode.swift; path = TaskDetailTableViewController.swift; sourceTree = "<group>"; };
		01DCC3CF1EE88F2F006FDE5F /* CoreDataStack.swift */ = {isa = PBXFileReference; fileEncoding = 4; lastKnownFileType = sourcecode.swift; path = CoreDataStack.swift; sourceTree = "<group>"; };
		01DCC3D21EE89008006FDE5F /* TaskApp.xcdatamodel */ = {isa = PBXFileReference; lastKnownFileType = wrapper.xcdatamodel; path = TaskApp.xcdatamodel; sourceTree = "<group>"; };
		01DCC3D41EE8914F006FDE5F /* Task+Convenience.swift */ = {isa = PBXFileReference; fileEncoding = 4; lastKnownFileType = sourcecode.swift; path = "Task+Convenience.swift"; sourceTree = "<group>"; };
		01DCC3D71EE89359006FDE5F /* TaskController.swift */ = {isa = PBXFileReference; fileEncoding = 4; lastKnownFileType = sourcecode.swift; path = TaskController.swift; sourceTree = "<group>"; };
		01DCC3DA1EE8A5D3006FDE5F /* DateHelpers.swift */ = {isa = PBXFileReference; fileEncoding = 4; lastKnownFileType = sourcecode.swift; path = DateHelpers.swift; sourceTree = "<group>"; };
		01DCC3DD1EE8AE86006FDE5F /* ButtonTableViewCell.swift */ = {isa = PBXFileReference; fileEncoding = 4; lastKnownFileType = sourcecode.swift; path = ButtonTableViewCell.swift; sourceTree = "<group>"; };
/* End PBXFileReference section */

/* Begin PBXFrameworksBuildPhase section */
		01DCC3961EE888F2006FDE5F /* Frameworks */ = {
			isa = PBXFrameworksBuildPhase;
			buildActionMask = 2147483647;
			files = (
			);
			runOnlyForDeploymentPostprocessing = 0;
		};
		01DCC3AA1EE888F2006FDE5F /* Frameworks */ = {
			isa = PBXFrameworksBuildPhase;
			buildActionMask = 2147483647;
			files = (
			);
			runOnlyForDeploymentPostprocessing = 0;
		};
		01DCC3B51EE888F2006FDE5F /* Frameworks */ = {
			isa = PBXFrameworksBuildPhase;
			buildActionMask = 2147483647;
			files = (
			);
			runOnlyForDeploymentPostprocessing = 0;
		};
/* End PBXFrameworksBuildPhase section */

/* Begin PBXGroup section */
		01DCC3901EE888F2006FDE5F = {
			isa = PBXGroup;
			children = (
				01DCC39B1EE888F2006FDE5F /* TaskApp */,
				01DCC3B01EE888F2006FDE5F /* TaskAppTests */,
				01DCC3BB1EE888F2006FDE5F /* TaskAppUITests */,
				01DCC39A1EE888F2006FDE5F /* Products */,
				01DCC39C1EE888F2006FDE5F /* AppDelegate.swift */,
				01DCC3A81EE888F2006FDE5F /* Info.plist */,
				01DCC3A51EE888F2006FDE5F /* LaunchScreen.storyboard */,
				01DCC3A31EE888F2006FDE5F /* Assets.xcassets */,
			);
			sourceTree = "<group>";
		};
		01DCC39A1EE888F2006FDE5F /* Products */ = {
			isa = PBXGroup;
			children = (
				01DCC3991EE888F2006FDE5F /* TaskApp.app */,
				01DCC3AD1EE888F2006FDE5F /* TaskAppTests.xctest */,
				01DCC3B81EE888F2006FDE5F /* TaskAppUITests.xctest */,
			);
			name = Products;
			sourceTree = "<group>";
		};
		01DCC39B1EE888F2006FDE5F /* TaskApp */ = {
			isa = PBXGroup;
			children = (
				01DCC3DC1EE8A5DC006FDE5F /* Helper File */,
				01DCC3CE1EE88F1E006FDE5F /* Model */,
				01DCC3D91EE89F80006FDE5F /* ViewController */,
				01DCC3CA1EE88D08006FDE5F /* TaskListTableViewController.swift */,
				01DCC3CC1EE88EB6006FDE5F /* TaskDetailTableViewController.swift */,
				01DCC3DF1EE8AE8B006FDE5F /* View */,
				01DCC3DD1EE8AE86006FDE5F /* ButtonTableViewCell.swift */,
				01DCC3A01EE888F2006FDE5F /* Main.storyboard */,
			);
			path = TaskApp;
			sourceTree = "<group>";
		};
		01DCC3B01EE888F2006FDE5F /* TaskAppTests */ = {
			isa = PBXGroup;
			children = (
				01DCC3B11EE888F2006FDE5F /* TaskAppTests.swift */,
				01DCC3B31EE888F2006FDE5F /* Info.plist */,
			);
			path = TaskAppTests;
			sourceTree = "<group>";
		};
		01DCC3BB1EE888F2006FDE5F /* TaskAppUITests */ = {
			isa = PBXGroup;
			children = (
				01DCC3BC1EE888F2006FDE5F /* TaskAppUITests.swift */,
				01DCC3BE1EE888F2006FDE5F /* Info.plist */,
			);
			path = TaskAppUITests;
			sourceTree = "<group>";
		};
		01DCC3CE1EE88F1E006FDE5F /* Model */ = {
			isa = PBXGroup;
			children = (
				01DCC3CF1EE88F2F006FDE5F /* CoreDataStack.swift */,
				01DCC3D11EE89008006FDE5F /* TaskApp.xcdatamodeld */,
				01DCC3D41EE8914F006FDE5F /* Task+Convenience.swift */,
				01DCC3D61EE89327006FDE5F /* Model Controller */,
			);
			name = Model;
			sourceTree = "<group>";
		};
		01DCC3D61EE89327006FDE5F /* Model Controller */ = {
			isa = PBXGroup;
			children = (
				01DCC3D71EE89359006FDE5F /* TaskController.swift */,
			);
			name = "Model Controller";
			sourceTree = "<group>";
		};
		01DCC3D91EE89F80006FDE5F /* ViewController */ = {
			isa = PBXGroup;
			children = (
			);
			name = ViewController;
			sourceTree = "<group>";
		};
		01DCC3DC1EE8A5DC006FDE5F /* Helper File */ = {
			isa = PBXGroup;
			children = (
				01DCC3DA1EE8A5D3006FDE5F /* DateHelpers.swift */,
			);
			name = "Helper File";
			sourceTree = "<group>";
		};
		01DCC3DF1EE8AE8B006FDE5F /* View */ = {
			isa = PBXGroup;
			children = (
			);
			name = View;
			sourceTree = "<group>";
		};
/* End PBXGroup section */

/* Begin PBXNativeTarget section */
		01DCC3981EE888F2006FDE5F /* TaskApp */ = {
			isa = PBXNativeTarget;
			buildConfigurationList = 01DCC3C11EE888F2006FDE5F /* Build configuration list for PBXNativeTarget "TaskApp" */;
			buildPhases = (
				01DCC3951EE888F2006FDE5F /* Sources */,
				01DCC3961EE888F2006FDE5F /* Frameworks */,
				01DCC3971EE888F2006FDE5F /* Resources */,
			);
			buildRules = (
			);
			dependencies = (
			);
			name = TaskApp;
			productName = TaskApp;
			productReference = 01DCC3991EE888F2006FDE5F /* TaskApp.app */;
			productType = "com.apple.product-type.application";
		};
		01DCC3AC1EE888F2006FDE5F /* TaskAppTests */ = {
			isa = PBXNativeTarget;
			buildConfigurationList = 01DCC3C41EE888F2006FDE5F /* Build configuration list for PBXNativeTarget "TaskAppTests" */;
			buildPhases = (
				01DCC3A91EE888F2006FDE5F /* Sources */,
				01DCC3AA1EE888F2006FDE5F /* Frameworks */,
				01DCC3AB1EE888F2006FDE5F /* Resources */,
			);
			buildRules = (
			);
			dependencies = (
				01DCC3AF1EE888F2006FDE5F /* PBXTargetDependency */,
			);
			name = TaskAppTests;
			productName = TaskAppTests;
			productReference = 01DCC3AD1EE888F2006FDE5F /* TaskAppTests.xctest */;
			productType = "com.apple.product-type.bundle.unit-test";
		};
		01DCC3B71EE888F2006FDE5F /* TaskAppUITests */ = {
			isa = PBXNativeTarget;
			buildConfigurationList = 01DCC3C71EE888F2006FDE5F /* Build configuration list for PBXNativeTarget "TaskAppUITests" */;
			buildPhases = (
				01DCC3B41EE888F2006FDE5F /* Sources */,
				01DCC3B51EE888F2006FDE5F /* Frameworks */,
				01DCC3B61EE888F2006FDE5F /* Resources */,
			);
			buildRules = (
			);
			dependencies = (
				01DCC3BA1EE888F2006FDE5F /* PBXTargetDependency */,
			);
			name = TaskAppUITests;
			productName = TaskAppUITests;
			productReference = 01DCC3B81EE888F2006FDE5F /* TaskAppUITests.xctest */;
			productType = "com.apple.product-type.bundle.ui-testing";
		};
/* End PBXNativeTarget section */

/* Begin PBXProject section */
		01DCC3911EE888F2006FDE5F /* Project object */ = {
			isa = PBXProject;
			attributes = {
				LastSwiftUpdateCheck = 0830;
				LastUpgradeCheck = 0830;
				ORGANIZATIONNAME = "Nick Reichard";
				TargetAttributes = {
					01DCC3981EE888F2006FDE5F = {
						CreatedOnToolsVersion = 8.3.2;
						DevelopmentTeam = WAN4D79W79;
						ProvisioningStyle = Automatic;
					};
					01DCC3AC1EE888F2006FDE5F = {
						CreatedOnToolsVersion = 8.3.2;
						ProvisioningStyle = Automatic;
						TestTargetID = 01DCC3981EE888F2006FDE5F;
					};
					01DCC3B71EE888F2006FDE5F = {
						CreatedOnToolsVersion = 8.3.2;
						ProvisioningStyle = Automatic;
						TestTargetID = 01DCC3981EE888F2006FDE5F;
					};
				};
			};
			buildConfigurationList = 01DCC3941EE888F2006FDE5F /* Build configuration list for PBXProject "TaskApp" */;
			compatibilityVersion = "Xcode 3.2";
			developmentRegion = English;
			hasScannedForEncodings = 0;
			knownRegions = (
				en,
				Base,
			);
			mainGroup = 01DCC3901EE888F2006FDE5F;
			productRefGroup = 01DCC39A1EE888F2006FDE5F /* Products */;
			projectDirPath = "";
			projectRoot = "";
			targets = (
				01DCC3981EE888F2006FDE5F /* TaskApp */,
				01DCC3AC1EE888F2006FDE5F /* TaskAppTests */,
				01DCC3B71EE888F2006FDE5F /* TaskAppUITests */,
			);
		};
/* End PBXProject section */

/* Begin PBXResourcesBuildPhase section */
		01DCC3971EE888F2006FDE5F /* Resources */ = {
			isa = PBXResourcesBuildPhase;
			buildActionMask = 2147483647;
			files = (
				01DCC3A71EE888F2006FDE5F /* LaunchScreen.storyboard in Resources */,
				01DCC3A41EE888F2006FDE5F /* Assets.xcassets in Resources */,
				01DCC3A21EE888F2006FDE5F /* Main.storyboard in Resources */,
			);
			runOnlyForDeploymentPostprocessing = 0;
		};
		01DCC3AB1EE888F2006FDE5F /* Resources */ = {
			isa = PBXResourcesBuildPhase;
			buildActionMask = 2147483647;
			files = (
			);
			runOnlyForDeploymentPostprocessing = 0;
		};
		01DCC3B61EE888F2006FDE5F /* Resources */ = {
			isa = PBXResourcesBuildPhase;
			buildActionMask = 2147483647;
			files = (
			);
			runOnlyForDeploymentPostprocessing = 0;
		};
/* End PBXResourcesBuildPhase section */

/* Begin PBXSourcesBuildPhase section */
		01DCC3951EE888F2006FDE5F /* Sources */ = {
			isa = PBXSourcesBuildPhase;
			buildActionMask = 2147483647;
			files = (
				01DCC3DE1EE8AE86006FDE5F /* ButtonTableViewCell.swift in Sources */,
				01DCC3D81EE89359006FDE5F /* TaskController.swift in Sources */,
				01DCC3CB1EE88D08006FDE5F /* TaskListTableViewController.swift in Sources */,
				01DCC39D1EE888F2006FDE5F /* AppDelegate.swift in Sources */,
				01DCC3D51EE8914F006FDE5F /* Task+Convenience.swift in Sources */,
				01DCC3CD1EE88EB6006FDE5F /* TaskDetailTableViewController.swift in Sources */,
				01DCC3DB1EE8A5D3006FDE5F /* DateHelpers.swift in Sources */,
				01DCC3D01EE88F2F006FDE5F /* CoreDataStack.swift in Sources */,
				01DCC3D31EE89008006FDE5F /* TaskApp.xcdatamodeld in Sources */,
			);
			runOnlyForDeploymentPostprocessing = 0;
		};
		01DCC3A91EE888F2006FDE5F /* Sources */ = {
			isa = PBXSourcesBuildPhase;
			buildActionMask = 2147483647;
			files = (
				01DCC3B21EE888F2006FDE5F /* TaskAppTests.swift in Sources */,
			);
			runOnlyForDeploymentPostprocessing = 0;
		};
		01DCC3B41EE888F2006FDE5F /* Sources */ = {
			isa = PBXSourcesBuildPhase;
			buildActionMask = 2147483647;
			files = (
				01DCC3BD1EE888F2006FDE5F /* TaskAppUITests.swift in Sources */,
			);
			runOnlyForDeploymentPostprocessing = 0;
		};
/* End PBXSourcesBuildPhase section */

/* Begin PBXTargetDependency section */
		01DCC3AF1EE888F2006FDE5F /* PBXTargetDependency */ = {
			isa = PBXTargetDependency;
			target = 01DCC3981EE888F2006FDE5F /* TaskApp */;
			targetProxy = 01DCC3AE1EE888F2006FDE5F /* PBXContainerItemProxy */;
		};
		01DCC3BA1EE888F2006FDE5F /* PBXTargetDependency */ = {
			isa = PBXTargetDependency;
			target = 01DCC3981EE888F2006FDE5F /* TaskApp */;
			targetProxy = 01DCC3B91EE888F2006FDE5F /* PBXContainerItemProxy */;
		};
/* End PBXTargetDependency section */

/* Begin PBXVariantGroup section */
		01DCC3A01EE888F2006FDE5F /* Main.storyboard */ = {
			isa = PBXVariantGroup;
			children = (
				01DCC3A11EE888F2006FDE5F /* Base */,
			);
			name = Main.storyboard;
			sourceTree = "<group>";
		};
		01DCC3A51EE888F2006FDE5F /* LaunchScreen.storyboard */ = {
			isa = PBXVariantGroup;
			children = (
				01DCC3A61EE888F2006FDE5F /* Base */,
			);
			name = LaunchScreen.storyboard;
			path = TaskApp;
			sourceTree = "<group>";
		};
/* End PBXVariantGroup section */

/* Begin XCBuildConfiguration section */
		01DCC3BF1EE888F2006FDE5F /* Debug */ = {
			isa = XCBuildConfiguration;
			buildSettings = {
				ALWAYS_SEARCH_USER_PATHS = NO;
				CLANG_ANALYZER_NONNULL = YES;
				CLANG_ANALYZER_NUMBER_OBJECT_CONVERSION = YES_AGGRESSIVE;
				CLANG_CXX_LANGUAGE_STANDARD = "gnu++0x";
				CLANG_CXX_LIBRARY = "libc++";
				CLANG_ENABLE_MODULES = YES;
				CLANG_ENABLE_OBJC_ARC = YES;
				CLANG_WARN_BOOL_CONVERSION = YES;
				CLANG_WARN_CONSTANT_CONVERSION = YES;
				CLANG_WARN_DIRECT_OBJC_ISA_USAGE = YES_ERROR;
				CLANG_WARN_DOCUMENTATION_COMMENTS = YES;
				CLANG_WARN_EMPTY_BODY = YES;
				CLANG_WARN_ENUM_CONVERSION = YES;
				CLANG_WARN_INFINITE_RECURSION = YES;
				CLANG_WARN_INT_CONVERSION = YES;
				CLANG_WARN_OBJC_ROOT_CLASS = YES_ERROR;
				CLANG_WARN_SUSPICIOUS_MOVE = YES;
				CLANG_WARN_UNREACHABLE_CODE = YES;
				CLANG_WARN__DUPLICATE_METHOD_MATCH = YES;
				"CODE_SIGN_IDENTITY[sdk=iphoneos*]" = "iPhone Developer";
				COPY_PHASE_STRIP = NO;
				DEBUG_INFORMATION_FORMAT = dwarf;
				ENABLE_STRICT_OBJC_MSGSEND = YES;
				ENABLE_TESTABILITY = YES;
				GCC_C_LANGUAGE_STANDARD = gnu99;
				GCC_DYNAMIC_NO_PIC = NO;
				GCC_NO_COMMON_BLOCKS = YES;
				GCC_OPTIMIZATION_LEVEL = 0;
				GCC_PREPROCESSOR_DEFINITIONS = (
					"DEBUG=1",
					"$(inherited)",
				);
				GCC_WARN_64_TO_32_BIT_CONVERSION = YES;
				GCC_WARN_ABOUT_RETURN_TYPE = YES_ERROR;
				GCC_WARN_UNDECLARED_SELECTOR = YES;
				GCC_WARN_UNINITIALIZED_AUTOS = YES_AGGRESSIVE;
				GCC_WARN_UNUSED_FUNCTION = YES;
				GCC_WARN_UNUSED_VARIABLE = YES;
				IPHONEOS_DEPLOYMENT_TARGET = 10.3;
				MTL_ENABLE_DEBUG_INFO = YES;
				ONLY_ACTIVE_ARCH = YES;
				SDKROOT = iphoneos;
				SWIFT_ACTIVE_COMPILATION_CONDITIONS = DEBUG;
				SWIFT_OPTIMIZATION_LEVEL = "-Onone";
				TARGETED_DEVICE_FAMILY = "1,2";
			};
			name = Debug;
		};
		01DCC3C01EE888F2006FDE5F /* Release */ = {
			isa = XCBuildConfiguration;
			buildSettings = {
				ALWAYS_SEARCH_USER_PATHS = NO;
				CLANG_ANALYZER_NONNULL = YES;
				CLANG_ANALYZER_NUMBER_OBJECT_CONVERSION = YES_AGGRESSIVE;
				CLANG_CXX_LANGUAGE_STANDARD = "gnu++0x";
				CLANG_CXX_LIBRARY = "libc++";
				CLANG_ENABLE_MODULES = YES;
				CLANG_ENABLE_OBJC_ARC = YES;
				CLANG_WARN_BOOL_CONVERSION = YES;
				CLANG_WARN_CONSTANT_CONVERSION = YES;
				CLANG_WARN_DIRECT_OBJC_ISA_USAGE = YES_ERROR;
				CLANG_WARN_DOCUMENTATION_COMMENTS = YES;
				CLANG_WARN_EMPTY_BODY = YES;
				CLANG_WARN_ENUM_CONVERSION = YES;
				CLANG_WARN_INFINITE_RECURSION = YES;
				CLANG_WARN_INT_CONVERSION = YES;
				CLANG_WARN_OBJC_ROOT_CLASS = YES_ERROR;
				CLANG_WARN_SUSPICIOUS_MOVE = YES;
				CLANG_WARN_UNREACHABLE_CODE = YES;
				CLANG_WARN__DUPLICATE_METHOD_MATCH = YES;
				"CODE_SIGN_IDENTITY[sdk=iphoneos*]" = "iPhone Developer";
				COPY_PHASE_STRIP = NO;
				DEBUG_INFORMATION_FORMAT = "dwarf-with-dsym";
				ENABLE_NS_ASSERTIONS = NO;
				ENABLE_STRICT_OBJC_MSGSEND = YES;
				GCC_C_LANGUAGE_STANDARD = gnu99;
				GCC_NO_COMMON_BLOCKS = YES;
				GCC_WARN_64_TO_32_BIT_CONVERSION = YES;
				GCC_WARN_ABOUT_RETURN_TYPE = YES_ERROR;
				GCC_WARN_UNDECLARED_SELECTOR = YES;
				GCC_WARN_UNINITIALIZED_AUTOS = YES_AGGRESSIVE;
				GCC_WARN_UNUSED_FUNCTION = YES;
				GCC_WARN_UNUSED_VARIABLE = YES;
				IPHONEOS_DEPLOYMENT_TARGET = 10.3;
				MTL_ENABLE_DEBUG_INFO = NO;
				SDKROOT = iphoneos;
				SWIFT_OPTIMIZATION_LEVEL = "-Owholemodule";
				TARGETED_DEVICE_FAMILY = "1,2";
				VALIDATE_PRODUCT = YES;
			};
			name = Release;
		};
		01DCC3C21EE888F2006FDE5F /* Debug */ = {
			isa = XCBuildConfiguration;
			buildSettings = {
				ASSETCATALOG_COMPILER_APPICON_NAME = AppIcon;
				DEVELOPMENT_TEAM = WAN4D79W79;
				INFOPLIST_FILE = TaskApp/Info.plist;
				LD_RUNPATH_SEARCH_PATHS = "$(inherited) @executable_path/Frameworks";
				PRODUCT_BUNDLE_IDENTIFIER = com.wesstpeak.TaskApp;
				PRODUCT_NAME = "$(TARGET_NAME)";
				SWIFT_VERSION = 3.0;
			};
			name = Debug;
		};
		01DCC3C31EE888F2006FDE5F /* Release */ = {
			isa = XCBuildConfiguration;
			buildSettings = {
				ASSETCATALOG_COMPILER_APPICON_NAME = AppIcon;
				DEVELOPMENT_TEAM = WAN4D79W79;
				INFOPLIST_FILE = TaskApp/Info.plist;
				LD_RUNPATH_SEARCH_PATHS = "$(inherited) @executable_path/Frameworks";
				PRODUCT_BUNDLE_IDENTIFIER = com.wesstpeak.TaskApp;
				PRODUCT_NAME = "$(TARGET_NAME)";
				SWIFT_VERSION = 3.0;
			};
			name = Release;
		};
		01DCC3C51EE888F2006FDE5F /* Debug */ = {
			isa = XCBuildConfiguration;
			buildSettings = {
				ALWAYS_EMBED_SWIFT_STANDARD_LIBRARIES = YES;
				BUNDLE_LOADER = "$(TEST_HOST)";
				INFOPLIST_FILE = TaskAppTests/Info.plist;
				LD_RUNPATH_SEARCH_PATHS = "$(inherited) @executable_path/Frameworks @loader_path/Frameworks";
				PRODUCT_BUNDLE_IDENTIFIER = com.wesstpeak.TaskAppTests;
				PRODUCT_NAME = "$(TARGET_NAME)";
				SWIFT_VERSION = 3.0;
				TEST_HOST = "$(BUILT_PRODUCTS_DIR)/TaskApp.app/TaskApp";
			};
			name = Debug;
		};
		01DCC3C61EE888F2006FDE5F /* Release */ = {
			isa = XCBuildConfiguration;
			buildSettings = {
				ALWAYS_EMBED_SWIFT_STANDARD_LIBRARIES = YES;
				BUNDLE_LOADER = "$(TEST_HOST)";
				INFOPLIST_FILE = TaskAppTests/Info.plist;
				LD_RUNPATH_SEARCH_PATHS = "$(inherited) @executable_path/Frameworks @loader_path/Frameworks";
				PRODUCT_BUNDLE_IDENTIFIER = com.wesstpeak.TaskAppTests;
				PRODUCT_NAME = "$(TARGET_NAME)";
				SWIFT_VERSION = 3.0;
				TEST_HOST = "$(BUILT_PRODUCTS_DIR)/TaskApp.app/TaskApp";
			};
			name = Release;
		};
		01DCC3C81EE888F2006FDE5F /* Debug */ = {
			isa = XCBuildConfiguration;
			buildSettings = {
				ALWAYS_EMBED_SWIFT_STANDARD_LIBRARIES = YES;
				INFOPLIST_FILE = TaskAppUITests/Info.plist;
				LD_RUNPATH_SEARCH_PATHS = "$(inherited) @executable_path/Frameworks @loader_path/Frameworks";
				PRODUCT_BUNDLE_IDENTIFIER = com.wesstpeak.TaskAppUITests;
				PRODUCT_NAME = "$(TARGET_NAME)";
				SWIFT_VERSION = 3.0;
				TEST_TARGET_NAME = TaskApp;
			};
			name = Debug;
		};
		01DCC3C91EE888F2006FDE5F /* Release */ = {
			isa = XCBuildConfiguration;
			buildSettings = {
				ALWAYS_EMBED_SWIFT_STANDARD_LIBRARIES = YES;
				INFOPLIST_FILE = TaskAppUITests/Info.plist;
				LD_RUNPATH_SEARCH_PATHS = "$(inherited) @executable_path/Frameworks @loader_path/Frameworks";
				PRODUCT_BUNDLE_IDENTIFIER = com.wesstpeak.TaskAppUITests;
				PRODUCT_NAME = "$(TARGET_NAME)";
				SWIFT_VERSION = 3.0;
				TEST_TARGET_NAME = TaskApp;
			};
			name = Release;
		};
/* End XCBuildConfiguration section */

/* Begin XCConfigurationList section */
		01DCC3941EE888F2006FDE5F /* Build configuration list for PBXProject "TaskApp" */ = {
			isa = XCConfigurationList;
			buildConfigurations = (
				01DCC3BF1EE888F2006FDE5F /* Debug */,
				01DCC3C01EE888F2006FDE5F /* Release */,
			);
			defaultConfigurationIsVisible = 0;
			defaultConfigurationName = Release;
		};
		01DCC3C11EE888F2006FDE5F /* Build configuration list for PBXNativeTarget "TaskApp" */ = {
			isa = XCConfigurationList;
			buildConfigurations = (
				01DCC3C21EE888F2006FDE5F /* Debug */,
				01DCC3C31EE888F2006FDE5F /* Release */,
			);
			defaultConfigurationIsVisible = 0;
		};
		01DCC3C41EE888F2006FDE5F /* Build configuration list for PBXNativeTarget "TaskAppTests" */ = {
			isa = XCConfigurationList;
			buildConfigurations = (
				01DCC3C51EE888F2006FDE5F /* Debug */,
				01DCC3C61EE888F2006FDE5F /* Release */,
			);
			defaultConfigurationIsVisible = 0;
		};
		01DCC3C71EE888F2006FDE5F /* Build configuration list for PBXNativeTarget "TaskAppUITests" */ = {
			isa = XCConfigurationList;
			buildConfigurations = (
				01DCC3C81EE888F2006FDE5F /* Debug */,
				01DCC3C91EE888F2006FDE5F /* Release */,
			);
			defaultConfigurationIsVisible = 0;
		};
/* End XCConfigurationList section */

/* Begin XCVersionGroup section */
		01DCC3D11EE89008006FDE5F /* TaskApp.xcdatamodeld */ = {
			isa = XCVersionGroup;
			children = (
				01DCC3D21EE89008006FDE5F /* TaskApp.xcdatamodel */,
			);
			currentVersion = 01DCC3D21EE89008006FDE5F /* TaskApp.xcdatamodel */;
			path = TaskApp.xcdatamodeld;
			sourceTree = "<group>";
			versionGroupType = wrapper.xcdatamodel;
		};
/* End XCVersionGroup section */
	};
	rootObject = 01DCC3911EE888F2006FDE5F /* Project object */;
}
